lockfileVersion: '6.0'

settings:
  autoInstallPeers: true
  excludeLinksFromLockfile: false

dependencies:
  '@hono/swagger-ui':
    specifier: ^0.2.1
    version: 0.2.1(hono@3.12.5)
  '@hono/zod-openapi':
    specifier: ^0.9.5
    version: 0.9.5(hono@3.12.5)(zod@3.22.4)
  croner:
    specifier: ^8.0.0
    version: 8.0.0
  css-select:
    specifier: ^5.1.0
    version: 5.1.0
  domhandler:
    specifier: ^5.0.3
    version: 5.0.3
  domutils:
    specifier: ^3.1.0
    version: 3.1.0
  hono:
    specifier: ^3.12.5
    version: 3.12.5
  htmlparser2:
    specifier: ^9.1.0
    version: 9.1.0
  mongodb:
    specifier: ^6.3.0
    version: 6.3.0
  typescript:
    specifier: ^5.0.0
    version: 5.3.3
  zod:
    specifier: ^3.22.4
    version: 3.22.4

devDependencies:
  bun-types:
    specifier: latest
    version: 1.0.23

packages:

  /@asteasolutions/zod-to-openapi@5.5.0(zod@3.22.4):
    resolution: {integrity: sha512-d5HwrvM6dOKr3XdeF+DmashGvfEc+1oiEfbscugsiwSTrFtuMa7ETpW9sTNnVgn+hJaz+PRxPQUYD7q9/5dUig==}
    peerDependencies:
      zod: ^3.20.2
    dependencies:
      openapi3-ts: 4.2.1
      zod: 3.22.4
    dev: false

  /@hono/swagger-ui@0.2.1(hono@3.12.5):
    resolution: {integrity: sha512-wBxVMRe3/v8xH4o6icmwztiIq0DG0s7+jHVMHVUAoFFCWEQNL2iskMmQtrhSDtsFmBZUeUFQUaaJ6Ir6DOmHLA==}
    peerDependencies:
      hono: '*'
    dependencies:
      hono: 3.12.5
    dev: false

  /@hono/zod-openapi@0.9.5(hono@3.12.5)(zod@3.22.4):
    resolution: {integrity: sha512-Px8QEIr5RyDeHQn51Ihnwtl//foFvd/F6yBq6o/3pVMUpoV6X4JZ+srgUrOX2VRrInpLVEP/NaroXlfvarwIxA==}
    engines: {node: '>=16.0.0'}
    peerDependencies:
      hono: '>=3.11.3'
      zod: 3.*
    dependencies:
      '@asteasolutions/zod-to-openapi': 5.5.0(zod@3.22.4)
      '@hono/zod-validator': 0.1.11(hono@3.12.5)(zod@3.22.4)
      hono: 3.12.5
      zod: 3.22.4
    dev: false

  /@hono/zod-validator@0.1.11(hono@3.12.5)(zod@3.22.4):
    resolution: {integrity: sha512-PQXeHUP0+36qpRt8yfeD7N2jbK3ETlGvSN6dMof/HwUC/APRokQRjpXZm4rrlG71Ft0aWE01+Bm4XejqPie5Uw==}
    peerDependencies:
      hono: '>=3.9.0'
      zod: ^3.19.1
    dependencies:
      hono: 3.12.5
      zod: 3.22.4
    dev: false

  /@mongodb-js/saslprep@1.1.4:
    resolution: {integrity: sha512-8zJ8N1x51xo9hwPh6AWnKdLGEC5N3lDa6kms1YHmFBoRhTpJR6HG8wWk0td1MVCu9cD4YBrvjZEtd5Obw0Fbnw==}
    dependencies:
      sparse-bitfield: 3.0.3
    dev: false

  /@types/node@20.11.4:
    resolution: {integrity: sha512-6I0fMH8Aoy2lOejL3s4LhyIYX34DPwY8bl5xlNjBvUEk8OHrcuzsFt+Ied4LvJihbtXPM+8zUqdydfIti86v9g==}
    dependencies:
      undici-types: 5.26.5
    dev: true

  /@types/webidl-conversions@7.0.3:
    resolution: {integrity: sha512-CiJJvcRtIgzadHCYXw7dqEnMNRjhGZlYK05Mj9OyktqV8uVT8fD2BFOB7S1uwBE3Kj2Z+4UyPmFw/Ixgw/LAlA==}
    dev: false

  /@types/whatwg-url@11.0.4:
    resolution: {integrity: sha512-lXCmTWSHJvf0TRSO58nm978b8HJ/EdsSsEKLd3ODHFjo+3VGAyyTp4v50nWvwtzBxSMQrVOK7tcuN0zGPLICMw==}
    dependencies:
      '@types/webidl-conversions': 7.0.3
    dev: false

  /@types/ws@8.5.10:
    resolution: {integrity: sha512-vmQSUcfalpIq0R9q7uTo2lXs6eGIpt9wtnLdMv9LVpIjCA/+ufZRozlVoVelIYixx1ugCBKDhn89vnsEGOCx9A==}
    dependencies:
      '@types/node': 20.11.4
    dev: true

  /boolbase@1.0.0:
    resolution: {integrity: sha512-JZOSA7Mo9sNGB8+UjSgzdLtokWAky1zbztM3WRLCbZ70/3cTANmQmOdR7y2g+J0e2WXywy1yS468tY+IruqEww==}
    dev: false

  /bson@6.2.0:
    resolution: {integrity: sha512-ID1cI+7bazPDyL9wYy9GaQ8gEEohWvcUl/Yf0dIdutJxnmInEEyCsb4awy/OiBfall7zBA179Pahi3vCdFze3Q==}
    engines: {node: '>=16.20.1'}
    dev: false

  /bun-types@1.0.23:
    resolution: {integrity: sha512-K3eFQrZk2LWAdp7qcMz+m40Mz+RQc3jpgroQRlQqvQLSFL4qQ3tULBrKHzSwh0P9P7vyHbhyJ5IGKj/cmQFLGg==}
    dependencies:
      '@types/node': 20.11.4
      '@types/ws': 8.5.10
      undici-types: 5.28.2
    dev: true

  /croner@8.0.0:
    resolution: {integrity: sha512-NhZ7wV9L0nxbSJKYp6u+OHCytFv4RlCu0O6GsglJIZMpMqmtb0kcNNPS5lv1O8qclhDA1NffLSsGx2ftbWQamw==}
    engines: {node: '>=18.0'}
    dev: false

  /css-select@5.1.0:
    resolution: {integrity: sha512-nwoRF1rvRRnnCqqY7updORDsuqKzqYJ28+oSMaJMMgOauh3fvwHqMS7EZpIPqK8GL+g9mKxF1vP/ZjSeNjEVHg==}
    dependencies:
      boolbase: 1.0.0
      css-what: 6.1.0
      domhandler: 5.0.3
      domutils: 3.1.0
      nth-check: 2.1.1
    dev: false

  /css-what@6.1.0:
    resolution: {integrity: sha512-HTUrgRJ7r4dsZKU6GjmpfRK1O76h97Z8MfS1G0FozR+oF2kG6Vfe8JE6zwrkbxigziPHinCJ+gCPjA9EaBDtRw==}
    engines: {node: '>= 6'}
    dev: false

  /dom-serializer@2.0.0:
    resolution: {integrity: sha512-wIkAryiqt/nV5EQKqQpo3SToSOV9J0DnbJqwK7Wv/Trc92zIAYZ4FlMu+JPFW1DfGFt81ZTCGgDEabffXeLyJg==}
    dependencies:
      domelementtype: 2.3.0
      domhandler: 5.0.3
      entities: 4.5.0
    dev: false

  /domelementtype@2.3.0:
    resolution: {integrity: sha512-OLETBj6w0OsagBwdXnPdN0cnMfF9opN69co+7ZrbfPGrdpPVNBUj02spi6B1N7wChLQiPn4CSH/zJvXw56gmHw==}
    dev: false

  /domhandler@5.0.3:
    resolution: {integrity: sha512-cgwlv/1iFQiFnU96XXgROh8xTeetsnJiDsTc7TYCLFd9+/WNkIqPTxiM/8pSd8VIrhXGTf1Ny1q1hquVqDJB5w==}
    engines: {node: '>= 4'}
    dependencies:
      domelementtype: 2.3.0
    dev: false

  /domutils@3.1.0:
    resolution: {integrity: sha512-H78uMmQtI2AhgDJjWeQmHwJJ2bLPD3GMmO7Zja/ZZh84wkm+4ut+IUnUdRa8uCGX88DiVx1j6FRe1XfxEgjEZA==}
    dependencies:
      dom-serializer: 2.0.0
      domelementtype: 2.3.0
      domhandler: 5.0.3
    dev: false

  /entities@4.5.0:
    resolution: {integrity: sha512-V0hjH4dGPh9Ao5p0MoRY6BVqtwCjhz6vI5LT8AJ55H+4g9/4vbHx1I54fS0XuclLhDHArPQCiMjDxjaL8fPxhw==}
    engines: {node: '>=0.12'}
    dev: false

  /hono@3.12.5:
    resolution: {integrity: sha512-oIuZfMGwk/IUIAOW+9/VZhT4g99Wce39GYBs2nhY7386iYFAprI8vF2/+nfXjzlrY+CXGJ0+GxF833nN0oRp2w==}
    engines: {node: '>=16.0.0'}
    dev: false

  /htmlparser2@9.1.0:
    resolution: {integrity: sha512-5zfg6mHUoaer/97TxnGpxmbR7zJtPwIYFMZ/H5ucTlPZhKvtum05yiPK3Mgai3a0DyVxv7qYqoweaEd2nrYQzQ==}
    dependencies:
      domelementtype: 2.3.0
      domhandler: 5.0.3
      domutils: 3.1.0
      entities: 4.5.0
    dev: false

  /memory-pager@1.5.0:
    resolution: {integrity: sha512-ZS4Bp4r/Zoeq6+NLJpP+0Zzm0pR8whtGPf1XExKLJBAczGMnSi3It14OiNCStjQjM6NU1okjQGSxgEZN8eBYKg==}
    dev: false

  /mongodb-connection-string-url@3.0.0:
    resolution: {integrity: sha512-t1Vf+m1I5hC2M5RJx/7AtxgABy1cZmIPQRMXw+gEIPn/cZNF3Oiy+l0UIypUwVB5trcWHq3crg2g3uAR9aAwsQ==}
    dependencies:
      '@types/whatwg-url': 11.0.4
      whatwg-url: 13.0.0
    dev: false

  /mongodb@6.3.0:
    resolution: {integrity: sha512-tt0KuGjGtLUhLoU263+xvQmPHEGTw5LbcNC73EoFRYgSHwZt5tsoJC110hDyO1kjQzpgNrpdcSza9PknWN4LrA==}
    engines: {node: '>=16.20.1'}
    peerDependencies:
      '@aws-sdk/credential-providers': ^3.188.0
      '@mongodb-js/zstd': ^1.1.0
      gcp-metadata: ^5.2.0
      kerberos: ^2.0.1
      mongodb-client-encryption: '>=6.0.0 <7'
      snappy: ^7.2.2
      socks: ^2.7.1
    peerDependenciesMeta:
      '@aws-sdk/credential-providers':
        optional: true
      '@mongodb-js/zstd':
        optional: true
      gcp-metadata:
        optional: true
      kerberos:
        optional: true
      mongodb-client-encryption:
        optional: true
      snappy:
        optional: true
      socks:
        optional: true
    dependencies:
      '@mongodb-js/saslprep': 1.1.4
      bson: 6.2.0
      mongodb-connection-string-url: 3.0.0
    dev: false

  /nth-check@2.1.1:
    resolution: {integrity: sha512-lqjrjmaOoAnWfMmBPL+XNnynZh2+swxiX3WUE0s4yEHI6m+AwrK2UZOimIRl3X/4QctVqS8AiZjFqyOGrMXb/w==}
    dependencies:
      boolbase: 1.0.0
    dev: false

  /openapi3-ts@4.2.1:
    resolution: {integrity: sha512-KL1mKwkZii5ce+tb24KCUmQHyWB/oanG5fzUY35UB+wenWJv4Kr/IWBntpn5R8ODiJcxx13ZDophcpHnLGeIOw==}
    dependencies:
      yaml: 2.3.4
    dev: false

  /punycode@2.3.1:
    resolution: {integrity: sha512-vYt7UD1U9Wg6138shLtLOvdAu+8DsC/ilFtEVHcH+wydcSpNE20AfSOduf6MkRFahL5FY7X1oU7nKVZFtfq8Fg==}
    engines: {node: '>=6'}
    dev: false

  /sparse-bitfield@3.0.3:
    resolution: {integrity: sha512-kvzhi7vqKTfkh0PZU+2D2PIllw2ymqJKujUcyPMd9Y75Nv4nPbGJZXNhxsgdQab2BmlDct1YnfQCguEvHr7VsQ==}
    dependencies:
      memory-pager: 1.5.0
    dev: false

  /tr46@4.1.1:
    resolution: {integrity: sha512-2lv/66T7e5yNyhAAC4NaKe5nVavzuGJQVVtRYLyQ2OI8tsJ61PMLlelehb0wi2Hx6+hT/OJUWZcw8MjlSRnxvw==}
    engines: {node: '>=14'}
    dependencies:
      punycode: 2.3.1
    dev: false

  /typescript@5.3.3:
    resolution: {integrity: sha512-pXWcraxM0uxAS+tN0AG/BF2TyqmHO014Z070UsJ+pFvYuRSq8KH8DmWpnbXe0pEPDHXZV3FcAbJkijJ5oNEnWw==}
    engines: {node: '>=14.17'}
    hasBin: true
    dev: false

  /undici-types@5.26.5:
    resolution: {integrity: sha512-JlCMO+ehdEIKqlFxk6IfVoAUVmgz7cU7zD/h9XZ0qzeosSHmUJVOzSQvvYSYWXkFXC+IfLKSIffhv0sVZup6pA==}
    dev: true

  /undici-types@5.28.2:
    resolution: {integrity: sha512-W71OLwDqzIO0d3k07qg1xc7d4cX8SsSwuCO4bQ4V7ITwduXXie/lcImofabP5VV+NvuvSe8ovKvHVJcizVc1JA==}
    dev: true

  /webidl-conversions@7.0.0:
    resolution: {integrity: sha512-VwddBukDzu71offAQR975unBIGqfKZpM+8ZX6ySk8nYhVoo5CYaZyzt3YBvYtRtO+aoGlqxPg/B87NGVZ/fu6g==}
    engines: {node: '>=12'}
    dev: false

  /whatwg-url@13.0.0:
    resolution: {integrity: sha512-9WWbymnqj57+XEuqADHrCJ2eSXzn8WXIW/YSGaZtb2WKAInQ6CHfaUUcTyyver0p8BDg5StLQq8h1vtZuwmOig==}
    engines: {node: '>=16'}
    dependencies:
      tr46: 4.1.1
      webidl-conversions: 7.0.0
    dev: false

  /yaml@2.3.4:
    resolution: {integrity: sha512-8aAvwVUSHpfEqTQ4w/KMlf3HcRdt50E5ODIQJBw1fQ5RL34xabzxtUlzTXVqc4rkZsPbvrXKWnABCD7kWSmocA==}
    engines: {node: '>= 14'}
    dev: false

  /zod@3.22.4:
    resolution: {integrity: sha512-iC+8Io04lddc+mVqQ9AZ7OQ2MrUKGN+oIQyq1vemgt46jwCwLfhq7/pwnBnNXXXZb8VTVLKwp9EDkx+ryxIWmg==}
    dev: false
